
Microsoft Visual Studio Solution File, Format Version 12.00
# Visual Studio Version 17
VisualStudioVersion = 17.1.32319.34
MinimumVisualStudioVersion = 10.0.40219.1
Project("{2150E333-8FDC-42A3-9474-1A3956D46DE8}") = "Services", "Services", "{7D40F20C-1FF4-4A2F-83BD-CD23D278B1A9}"
EndProject
Project("{2150E333-8FDC-42A3-9474-1A3956D46DE8}") = "Catalog", "Catalog", "{EF0E526E-9F81-4C48-A699-2E67AEC5BE6E}"
EndProject
Project("{9A19103F-16F7-4668-BE54-9A1E7A4F7556}") = "Catalog.API", "Services\Catalog\Catalog.API\Catalog.API.csproj", "{126918D5-682D-4E4B-B746-6D110EB9B22C}"
EndProject
Project("{E53339B2-1760-4266-BCC7-CA923CBCF16C}") = "docker-compose", "docker-compose.dcproj", "{8BEE16F8-D07C-4EDA-8742-425F9021DF44}"
EndProject
Project("{2150E333-8FDC-42A3-9474-1A3956D46DE8}") = "Basket", "Basket", "{816875AE-B56D-4616-A34B-00B330A461C2}"
EndProject
Project("{FAE04EC0-301F-11D3-BF4B-00C04F79EFBC}") = "Basket.API", "Services\Basket\Basket.API\Basket.API.csproj", "{BF729F70-3B5D-431D-B436-E0DD610E2D8E}"
EndProject
Project("{2150E333-8FDC-42A3-9474-1A3956D46DE8}") = "Discount", "Discount", "{A5D3D294-C20C-4860-A6C5-055A6B17251B}"
EndProject
Project("{FAE04EC0-301F-11D3-BF4B-00C04F79EFBC}") = "Discount.API", "Services\Discount\Discount.API\Discount.API.csproj", "{E6A9986C-9124-462C-8003-AC91020EBAD6}"
EndProject
Global
	GlobalSection(SolutionConfigurationPlatforms) = preSolution
		Debug|Any CPU = Debug|Any CPU
		Release|Any CPU = Release|Any CPU
	EndGlobalSection
	GlobalSection(ProjectConfigurationPlatforms) = postSolution
		{126918D5-682D-4E4B-B746-6D110EB9B22C}.Debug|Any CPU.ActiveCfg = Debug|Any CPU
		{126918D5-682D-4E4B-B746-6D110EB9B22C}.Debug|Any CPU.Build.0 = Debug|Any CPU
		{126918D5-682D-4E4B-B746-6D110EB9B22C}.Release|Any CPU.ActiveCfg = Release|Any CPU
		{126918D5-682D-4E4B-B746-6D110EB9B22C}.Release|Any CPU.Build.0 = Release|Any CPU
		{8BEE16F8-D07C-4EDA-8742-425F9021DF44}.Debug|Any CPU.ActiveCfg = Debug|Any CPU
		{8BEE16F8-D07C-4EDA-8742-425F9021DF44}.Debug|Any CPU.Build.0 = Debug|Any CPU
		{8BEE16F8-D07C-4EDA-8742-425F9021DF44}.Release|Any CPU.ActiveCfg = Release|Any CPU
		{8BEE16F8-D07C-4EDA-8742-425F9021DF44}.Release|Any CPU.Build.0 = Release|Any CPU
		{BF729F70-3B5D-431D-B436-E0DD610E2D8E}.Debug|Any CPU.ActiveCfg = Debug|Any CPU
		{BF729F70-3B5D-431D-B436-E0DD610E2D8E}.Debug|Any CPU.Build.0 = Debug|Any CPU
		{BF729F70-3B5D-431D-B436-E0DD610E2D8E}.Release|Any CPU.ActiveCfg = Release|Any CPU
		{BF729F70-3B5D-431D-B436-E0DD610E2D8E}.Release|Any CPU.Build.0 = Release|Any CPU
		{E6A9986C-9124-462C-8003-AC91020EBAD6}.Debug|Any CPU.ActiveCfg = Debug|Any CPU
		{E6A9986C-9124-462C-8003-AC91020EBAD6}.Debug|Any CPU.Build.0 = Debug|Any CPU
		{E6A9986C-9124-462C-8003-AC91020EBAD6}.Release|Any CPU.ActiveCfg = Release|Any CPU
		{E6A9986C-9124-462C-8003-AC91020EBAD6}.Release|Any CPU.Build.0 = Release|Any CPU
	EndGlobalSection
	GlobalSection(SolutionProperties) = preSolution
		HideSolutionNode = FALSE
	EndGlobalSection
	GlobalSection(NestedProjects) = preSolution
		{EF0E526E-9F81-4C48-A699-2E67AEC5BE6E} = {7D40F20C-1FF4-4A2F-83BD-CD23D278B1A9}
		{126918D5-682D-4E4B-B746-6D110EB9B22C} = {EF0E526E-9F81-4C48-A699-2E67AEC5BE6E}
		{816875AE-B56D-4616-A34B-00B330A461C2} = {7D40F20C-1FF4-4A2F-83BD-CD23D278B1A9}
		{BF729F70-3B5D-431D-B436-E0DD610E2D8E} = {816875AE-B56D-4616-A34B-00B330A461C2}
		{A5D3D294-C20C-4860-A6C5-055A6B17251B} = {7D40F20C-1FF4-4A2F-83BD-CD23D278B1A9}
		{E6A9986C-9124-462C-8003-AC91020EBAD6} = {A5D3D294-C20C-4860-A6C5-055A6B17251B}
	EndGlobalSection
	GlobalSection(ExtensibilityGlobals) = postSolution
		SolutionGuid = {94803E4C-F6C8-42BE-8957-C166EF858E9A}
	EndGlobalSection
EndGlobal
