
Microsoft Visual Studio Solution File, Format Version 12.00
# Visual Studio Version 17
VisualStudioVersion = 17.1.32319.34
MinimumVisualStudioVersion = 10.0.40219.1
Project("{2150E333-8FDC-42A3-9474-1A3956D46DE8}") = "Services", "Services", "{7D40F20C-1FF4-4A2F-83BD-CD23D278B1A9}"
EndProject
Project("{2150E333-8FDC-42A3-9474-1A3956D46DE8}") = "Catalog", "Catalog", "{EF0E526E-9F81-4C48-A699-2E67AEC5BE6E}"
EndProject
Project("{FAE04EC0-301F-11D3-BF4B-00C04F79EFBC}") = "Catalog.API", "Services\Catalog\Catalog.API\Catalog.API.csproj", "{126918D5-682D-4E4B-B746-6D110EB9B22C}"
EndProject
Global
	GlobalSection(SolutionConfigurationPlatforms) = preSolution
		Debug|Any CPU = Debug|Any CPU
		Release|Any CPU = Release|Any CPU
	EndGlobalSection
	GlobalSection(ProjectConfigurationPlatforms) = postSolution
		{126918D5-682D-4E4B-B746-6D110EB9B22C}.Debug|Any CPU.ActiveCfg = Debug|Any CPU
		{126918D5-682D-4E4B-B746-6D110EB9B22C}.Debug|Any CPU.Build.0 = Debug|Any CPU
		{126918D5-682D-4E4B-B746-6D110EB9B22C}.Release|Any CPU.ActiveCfg = Release|Any CPU
		{126918D5-682D-4E4B-B746-6D110EB9B22C}.Release|Any CPU.Build.0 = Release|Any CPU
	EndGlobalSection
	GlobalSection(SolutionProperties) = preSolution
		HideSolutionNode = FALSE
	EndGlobalSection
	GlobalSection(NestedProjects) = preSolution
		{EF0E526E-9F81-4C48-A699-2E67AEC5BE6E} = {7D40F20C-1FF4-4A2F-83BD-CD23D278B1A9}
		{126918D5-682D-4E4B-B746-6D110EB9B22C} = {EF0E526E-9F81-4C48-A699-2E67AEC5BE6E}
	EndGlobalSection
	GlobalSection(ExtensibilityGlobals) = postSolution
		SolutionGuid = {94803E4C-F6C8-42BE-8957-C166EF858E9A}
	EndGlobalSection
EndGlobal
